
Microsoft Visual Studio Solution File, Format Version 12.00
# Visual Studio Version 17
VisualStudioVersion = 17.5.33414.496
MinimumVisualStudioVersion = 10.0.40219.1
Project("{8BC9CEB8-8B4A-11D0-8D11-00A0C91BC942}") = "20230416-11", "20230416-11\20230416-11.vcxproj", "{003974A5-AE95-431D-B81A-119E1B389B8D}"
EndProject
Global
	GlobalSection(SolutionConfigurationPlatforms) = preSolution
		Debug|x64 = Debug|x64
		Debug|x86 = Debug|x86
		Release|x64 = Release|x64
		Release|x86 = Release|x86
	EndGlobalSection
	GlobalSection(ProjectConfigurationPlatforms) = postSolution
		{003974A5-AE95-431D-B81A-119E1B389B8D}.Debug|x64.ActiveCfg = Debug|x64
		{003974A5-AE95-431D-B81A-119E1B389B8D}.Debug|x64.Build.0 = Debug|x64
		{003974A5-AE95-431D-B81A-119E1B389B8D}.Debug|x86.ActiveCfg = Debug|Win32
		{003974A5-AE95-431D-B81A-119E1B389B8D}.Debug|x86.Build.0 = Debug|Win32
		{003974A5-AE95-431D-B81A-119E1B389B8D}.Release|x64.ActiveCfg = Release|x64
		{003974A5-AE95-431D-B81A-119E1B389B8D}.Release|x64.Build.0 = Release|x64
		{003974A5-AE95-431D-B81A-119E1B389B8D}.Release|x86.ActiveCfg = Release|Win32
		{003974A5-AE95-431D-B81A-119E1B389B8D}.Release|x86.Build.0 = Release|Win32
	EndGlobalSection
	GlobalSection(SolutionProperties) = preSolution
		HideSolutionNode = FALSE
	EndGlobalSection
	GlobalSection(ExtensibilityGlobals) = postSolution
		SolutionGuid = {A8932AFA-DFDE-4A63-BFC9-D441CA25D0D7}
	EndGlobalSection
EndGlobal
