
Microsoft Visual Studio Solution File, Format Version 12.00
# Visual Studio Version 17
VisualStudioVersion = 17.4.33205.214
MinimumVisualStudioVersion = 10.0.40219.1
Project("{8BC9CEB8-8B4A-11D0-8D11-00A0C91BC942}") = "Project3", "Project3\Project3.vcxproj", "{A97381D2-70DF-48B4-9EF8-2A76E461CE6A}"
EndProject
Global
	GlobalSection(SolutionConfigurationPlatforms) = preSolution
		Debug|x64 = Debug|x64
		Debug|x86 = Debug|x86
		Release|x64 = Release|x64
		Release|x86 = Release|x86
	EndGlobalSection
	GlobalSection(ProjectConfigurationPlatforms) = postSolution
		{A97381D2-70DF-48B4-9EF8-2A76E461CE6A}.Debug|x64.ActiveCfg = Debug|x64
		{A97381D2-70DF-48B4-9EF8-2A76E461CE6A}.Debug|x64.Build.0 = Debug|x64
		{A97381D2-70DF-48B4-9EF8-2A76E461CE6A}.Debug|x86.ActiveCfg = Debug|Win32
		{A97381D2-70DF-48B4-9EF8-2A76E461CE6A}.Debug|x86.Build.0 = Debug|Win32
		{A97381D2-70DF-48B4-9EF8-2A76E461CE6A}.Release|x64.ActiveCfg = Release|x64
		{A97381D2-70DF-48B4-9EF8-2A76E461CE6A}.Release|x64.Build.0 = Release|x64
		{A97381D2-70DF-48B4-9EF8-2A76E461CE6A}.Release|x86.ActiveCfg = Release|Win32
		{A97381D2-70DF-48B4-9EF8-2A76E461CE6A}.Release|x86.Build.0 = Release|Win32
	EndGlobalSection
	GlobalSection(SolutionProperties) = preSolution
		HideSolutionNode = FALSE
	EndGlobalSection
	GlobalSection(ExtensibilityGlobals) = postSolution
		SolutionGuid = {DD0D49FF-7D2F-41B9-8D89-2294EFFCE033}
	EndGlobalSection
EndGlobal
