
Microsoft Visual Studio Solution File, Format Version 12.00
# Visual Studio Version 17
VisualStudioVersion = 17.4.33205.214
MinimumVisualStudioVersion = 10.0.40219.1
Project("{8BC9CEB8-8B4A-11D0-8D11-00A0C91BC942}") = "20230517_3", "20230517_3\20230517_3.vcxproj", "{D6CF90BB-4BE6-4A36-AF4C-715181183DC5}"
EndProject
Global
	GlobalSection(SolutionConfigurationPlatforms) = preSolution
		Debug|x64 = Debug|x64
		Debug|x86 = Debug|x86
		Release|x64 = Release|x64
		Release|x86 = Release|x86
	EndGlobalSection
	GlobalSection(ProjectConfigurationPlatforms) = postSolution
		{D6CF90BB-4BE6-4A36-AF4C-715181183DC5}.Debug|x64.ActiveCfg = Debug|x64
		{D6CF90BB-4BE6-4A36-AF4C-715181183DC5}.Debug|x64.Build.0 = Debug|x64
		{D6CF90BB-4BE6-4A36-AF4C-715181183DC5}.Debug|x86.ActiveCfg = Debug|Win32
		{D6CF90BB-4BE6-4A36-AF4C-715181183DC5}.Debug|x86.Build.0 = Debug|Win32
		{D6CF90BB-4BE6-4A36-AF4C-715181183DC5}.Release|x64.ActiveCfg = Release|x64
		{D6CF90BB-4BE6-4A36-AF4C-715181183DC5}.Release|x64.Build.0 = Release|x64
		{D6CF90BB-4BE6-4A36-AF4C-715181183DC5}.Release|x86.ActiveCfg = Release|Win32
		{D6CF90BB-4BE6-4A36-AF4C-715181183DC5}.Release|x86.Build.0 = Release|Win32
	EndGlobalSection
	GlobalSection(SolutionProperties) = preSolution
		HideSolutionNode = FALSE
	EndGlobalSection
	GlobalSection(ExtensibilityGlobals) = postSolution
		SolutionGuid = {F7A82589-D797-4D6F-BC91-78EB3A3BC769}
	EndGlobalSection
EndGlobal
